{
  "name": "cards",
  "version": "1.0.0",
  "lockfileVersion": 2,
  "requires": true,
  "packages": {
    "": {
      "name": "cards",
      "version": "1.0.0",
      "license": "ISC",
      "dependencies": {
        "ascii-graphics-library": "github:sparklypig/ASCII-Graphics-Library",
        "blessed": "^0.1.81",
        "RawControl": "github:sparklypig/RawControl",
        "readline-sync": "^1.4.10"
      }
    },
    "node_modules/ascii-graphics-library": {
      "version": "1.0.0",
      "resolved": "git+ssh://git@github.com/sparklypig/ASCII-Graphics-Library.git#e0a8544ac3a15b6f7c349ffda43f4bd25c915d01",
      "license": "ISC"
    },
    "node_modules/blessed": {
      "version": "0.1.81",
      "resolved": "https://registry.npmjs.org/blessed/-/blessed-0.1.81.tgz",
      "integrity": "sha512-LoF5gae+hlmfORcG1M5+5XZi4LBmvlXTzwJWzUlPryN/SJdSflZvROM2TwkT0GMpq7oqT48NRd4GS7BiVBc5OQ==",
      "bin": {
        "blessed": "bin/tput.js"
      },
      "engines": {
        "node": ">= 0.8.0"
      }
    },
    "node_modules/RawControl": {
      "version": "1.0.0",
      "resolved": "git+ssh://git@github.com/sparklypig/RawControl.git#3997c9235b19901b053785f5779588274d55865e",
      "license": "ISC"
    },
    "node_modules/readline-sync": {
      "version": "1.4.10",
      "resolved": "https://registry.npmjs.org/readline-sync/-/readline-sync-1.4.10.tgz",
      "integrity": "sha512-gNva8/6UAe8QYepIQH/jQ2qn91Qj0B9sYjMBBs3QOB8F2CXcKgLxQaJRP76sWVRQt+QU+8fAkCbCvjjMFu7Ycw==",
      "engines": {
        "node": ">= 0.8.0"
      }
    }
  },
  "dependencies": {
    "ascii-graphics-library": {
      "version": "git+ssh://git@github.com/sparklypig/ASCII-Graphics-Library.git#e0a8544ac3a15b6f7c349ffda43f4bd25c915d01",
      "from": "ascii-graphics-library@sparklypig/ASCII-Graphics-Library"
    },
    "blessed": {
      "version": "0.1.81",
      "resolved": "https://registry.npmjs.org/blessed/-/blessed-0.1.81.tgz",
      "integrity": "sha512-LoF5gae+hlmfORcG1M5+5XZi4LBmvlXTzwJWzUlPryN/SJdSflZvROM2TwkT0GMpq7oqT48NRd4GS7BiVBc5OQ=="
    },
    "RawControl": {
      "version": "git+ssh://git@github.com/sparklypig/RawControl.git#3997c9235b19901b053785f5779588274d55865e",
      "from": "RawControl@github:sparklypig/RawControl"
    },
    "readline-sync": {
      "version": "1.4.10",
      "resolved": "https://registry.npmjs.org/readline-sync/-/readline-sync-1.4.10.tgz",
      "integrity": "sha512-gNva8/6UAe8QYepIQH/jQ2qn91Qj0B9sYjMBBs3QOB8F2CXcKgLxQaJRP76sWVRQt+QU+8fAkCbCvjjMFu7Ycw=="
    }
  }
}
