{
  "name": "cards",
  "version": "1.0.0",
  "lockfileVersion": 2,
  "requires": true,
  "packages": {
    "": {
      "name": "cards",
      "version": "1.0.0",
      "license": "ISC",
      "dependencies": {
        "ascii-graphics-library": "github:sparklypig/ASCII-Graphics-Library"
      }
    },
    "node_modules/ascii-graphics-library": {
      "version": "1.0.0",
      "resolved": "git+ssh://git@github.com/sparklypig/ASCII-Graphics-Library.git#e0a8544ac3a15b6f7c349ffda43f4bd25c915d01",
      "license": "ISC"
    }
  },
  "dependencies": {
    "ascii-graphics-library": {
      "version": "git+ssh://git@github.com/sparklypig/ASCII-Graphics-Library.git#e0a8544ac3a15b6f7c349ffda43f4bd25c915d01",
      "from": "ascii-graphics-library@github:sparklypig/ASCII-Graphics-Library"
    }
  }
}
